
Microsoft Visual Studio Solution File, Format Version 12.00
# Visual Studio 15
VisualStudioVersion = 15.0.26730.10
MinimumVisualStudioVersion = 10.0.40219.1
Project("{FAE04EC0-301F-11D3-BF4B-00C04F79EFBC}") = "SaafiMobile.Android", "SaafiMobile\SaafiMobile.Android\SaafiMobile.Android.csproj", "{C7CBB9C1-80FB-46D1-88B7-8946CBCF48E7}"
EndProject
Project("{FAE04EC0-301F-11D3-BF4B-00C04F79EFBC}") = "SaafiMobile.iOS", "SaafiMobile\SaafiMobile.iOS\SaafiMobile.iOS.csproj", "{3FDA63CE-CA6A-4535-A8D7-A0B04F3C0691}"
EndProject
Project("{FAE04EC0-301F-11D3-BF4B-00C04F79EFBC}") = "SaafiMobile.UWP", "SaafiMobile\SaafiMobile.UWP\SaafiMobile.UWP.csproj", "{BC90CC00-D0F9-4C17-9332-70268F86D22D}"
EndProject
Project("{FAE04EC0-301F-11D3-BF4B-00C04F79EFBC}") = "SaafiMobile", "SaafiMobile\SaafiMobile\SaafiMobile.csproj", "{8ECBACBC-EAE9-469B-AB9E-080DAE0288FA}"
EndProject
Global
	GlobalSection(SolutionConfigurationPlatforms) = preSolution
		Debug|Any CPU = Debug|Any CPU
		Debug|ARM = Debug|ARM
		Debug|iPhone = Debug|iPhone
		Debug|iPhoneSimulator = Debug|iPhoneSimulator
		Debug|x64 = Debug|x64
		Debug|x86 = Debug|x86
		Release|Any CPU = Release|Any CPU
		Release|ARM = Release|ARM
		Release|iPhone = Release|iPhone
		Release|iPhoneSimulator = Release|iPhoneSimulator
		Release|x64 = Release|x64
		Release|x86 = Release|x86
	EndGlobalSection
	GlobalSection(ProjectConfigurationPlatforms) = postSolution
		{C7CBB9C1-80FB-46D1-88B7-8946CBCF48E7}.Debug|Any CPU.ActiveCfg = Debug|Any CPU
		{C7CBB9C1-80FB-46D1-88B7-8946CBCF48E7}.Debug|Any CPU.Build.0 = Debug|Any CPU
		{C7CBB9C1-80FB-46D1-88B7-8946CBCF48E7}.Debug|Any CPU.Deploy.0 = Debug|Any CPU
		{C7CBB9C1-80FB-46D1-88B7-8946CBCF48E7}.Debug|ARM.ActiveCfg = Debug|Any CPU
		{C7CBB9C1-80FB-46D1-88B7-8946CBCF48E7}.Debug|ARM.Build.0 = Debug|Any CPU
		{C7CBB9C1-80FB-46D1-88B7-8946CBCF48E7}.Debug|ARM.Deploy.0 = Debug|Any CPU
		{C7CBB9C1-80FB-46D1-88B7-8946CBCF48E7}.Debug|iPhone.ActiveCfg = Debug|Any CPU
		{C7CBB9C1-80FB-46D1-88B7-8946CBCF48E7}.Debug|iPhone.Build.0 = Debug|Any CPU
		{C7CBB9C1-80FB-46D1-88B7-8946CBCF48E7}.Debug|iPhone.Deploy.0 = Debug|Any CPU
		{C7CBB9C1-80FB-46D1-88B7-8946CBCF48E7}.Debug|iPhoneSimulator.ActiveCfg = Debug|Any CPU
		{C7CBB9C1-80FB-46D1-88B7-8946CBCF48E7}.Debug|iPhoneSimulator.Build.0 = Debug|Any CPU
		{C7CBB9C1-80FB-46D1-88B7-8946CBCF48E7}.Debug|iPhoneSimulator.Deploy.0 = Debug|Any CPU
		{C7CBB9C1-80FB-46D1-88B7-8946CBCF48E7}.Debug|x64.ActiveCfg = Debug|Any CPU
		{C7CBB9C1-80FB-46D1-88B7-8946CBCF48E7}.Debug|x64.Build.0 = Debug|Any CPU
		{C7CBB9C1-80FB-46D1-88B7-8946CBCF48E7}.Debug|x64.Deploy.0 = Debug|Any CPU
		{C7CBB9C1-80FB-46D1-88B7-8946CBCF48E7}.Debug|x86.ActiveCfg = Debug|Any CPU
		{C7CBB9C1-80FB-46D1-88B7-8946CBCF48E7}.Debug|x86.Build.0 = Debug|Any CPU
		{C7CBB9C1-80FB-46D1-88B7-8946CBCF48E7}.Debug|x86.Deploy.0 = Debug|Any CPU
		{C7CBB9C1-80FB-46D1-88B7-8946CBCF48E7}.Release|Any CPU.ActiveCfg = Release|Any CPU
		{C7CBB9C1-80FB-46D1-88B7-8946CBCF48E7}.Release|Any CPU.Build.0 = Release|Any CPU
		{C7CBB9C1-80FB-46D1-88B7-8946CBCF48E7}.Release|Any CPU.Deploy.0 = Release|Any CPU
		{C7CBB9C1-80FB-46D1-88B7-8946CBCF48E7}.Release|ARM.ActiveCfg = Release|Any CPU
		{C7CBB9C1-80FB-46D1-88B7-8946CBCF48E7}.Release|ARM.Build.0 = Release|Any CPU
		{C7CBB9C1-80FB-46D1-88B7-8946CBCF48E7}.Release|ARM.Deploy.0 = Release|Any CPU
		{C7CBB9C1-80FB-46D1-88B7-8946CBCF48E7}.Release|iPhone.ActiveCfg = Release|Any CPU
		{C7CBB9C1-80FB-46D1-88B7-8946CBCF48E7}.Release|iPhone.Build.0 = Release|Any CPU
		{C7CBB9C1-80FB-46D1-88B7-8946CBCF48E7}.Release|iPhone.Deploy.0 = Release|Any CPU
		{C7CBB9C1-80FB-46D1-88B7-8946CBCF48E7}.Release|iPhoneSimulator.ActiveCfg = Release|Any CPU
		{C7CBB9C1-80FB-46D1-88B7-8946CBCF48E7}.Release|iPhoneSimulator.Build.0 = Release|Any CPU
		{C7CBB9C1-80FB-46D1-88B7-8946CBCF48E7}.Release|iPhoneSimulator.Deploy.0 = Release|Any CPU
		{C7CBB9C1-80FB-46D1-88B7-8946CBCF48E7}.Release|x64.ActiveCfg = Release|Any CPU
		{C7CBB9C1-80FB-46D1-88B7-8946CBCF48E7}.Release|x64.Build.0 = Release|Any CPU
		{C7CBB9C1-80FB-46D1-88B7-8946CBCF48E7}.Release|x64.Deploy.0 = Release|Any CPU
		{C7CBB9C1-80FB-46D1-88B7-8946CBCF48E7}.Release|x86.ActiveCfg = Release|Any CPU
		{C7CBB9C1-80FB-46D1-88B7-8946CBCF48E7}.Release|x86.Build.0 = Release|Any CPU
		{C7CBB9C1-80FB-46D1-88B7-8946CBCF48E7}.Release|x86.Deploy.0 = Release|Any CPU
		{3FDA63CE-CA6A-4535-A8D7-A0B04F3C0691}.Debug|Any CPU.ActiveCfg = Debug|iPhone
		{3FDA63CE-CA6A-4535-A8D7-A0B04F3C0691}.Debug|ARM.ActiveCfg = Debug|iPhone
		{3FDA63CE-CA6A-4535-A8D7-A0B04F3C0691}.Debug|iPhone.ActiveCfg = Debug|iPhone
		{3FDA63CE-CA6A-4535-A8D7-A0B04F3C0691}.Debug|iPhone.Build.0 = Debug|iPhone
		{3FDA63CE-CA6A-4535-A8D7-A0B04F3C0691}.Debug|iPhoneSimulator.ActiveCfg = Debug|iPhoneSimulator
		{3FDA63CE-CA6A-4535-A8D7-A0B04F3C0691}.Debug|iPhoneSimulator.Build.0 = Debug|iPhoneSimulator
		{3FDA63CE-CA6A-4535-A8D7-A0B04F3C0691}.Debug|x64.ActiveCfg = Debug|iPhone
		{3FDA63CE-CA6A-4535-A8D7-A0B04F3C0691}.Debug|x86.ActiveCfg = Debug|iPhone
		{3FDA63CE-CA6A-4535-A8D7-A0B04F3C0691}.Release|Any CPU.ActiveCfg = Release|iPhone
		{3FDA63CE-CA6A-4535-A8D7-A0B04F3C0691}.Release|ARM.ActiveCfg = Release|iPhone
		{3FDA63CE-CA6A-4535-A8D7-A0B04F3C0691}.Release|iPhone.ActiveCfg = Release|iPhone
		{3FDA63CE-CA6A-4535-A8D7-A0B04F3C0691}.Release|iPhone.Build.0 = Release|iPhone
		{3FDA63CE-CA6A-4535-A8D7-A0B04F3C0691}.Release|iPhoneSimulator.ActiveCfg = Release|iPhoneSimulator
		{3FDA63CE-CA6A-4535-A8D7-A0B04F3C0691}.Release|iPhoneSimulator.Build.0 = Release|iPhoneSimulator
		{3FDA63CE-CA6A-4535-A8D7-A0B04F3C0691}.Release|x64.ActiveCfg = Release|iPhone
		{3FDA63CE-CA6A-4535-A8D7-A0B04F3C0691}.Release|x86.ActiveCfg = Release|iPhone
		{BC90CC00-D0F9-4C17-9332-70268F86D22D}.Debug|Any CPU.ActiveCfg = Debug|x86
		{BC90CC00-D0F9-4C17-9332-70268F86D22D}.Debug|ARM.ActiveCfg = Debug|ARM
		{BC90CC00-D0F9-4C17-9332-70268F86D22D}.Debug|ARM.Build.0 = Debug|ARM
		{BC90CC00-D0F9-4C17-9332-70268F86D22D}.Debug|ARM.Deploy.0 = Debug|ARM
		{BC90CC00-D0F9-4C17-9332-70268F86D22D}.Debug|iPhone.ActiveCfg = Debug|x86
		{BC90CC00-D0F9-4C17-9332-70268F86D22D}.Debug|iPhoneSimulator.ActiveCfg = Debug|x86
		{BC90CC00-D0F9-4C17-9332-70268F86D22D}.Debug|x64.ActiveCfg = Debug|x64
		{BC90CC00-D0F9-4C17-9332-70268F86D22D}.Debug|x64.Build.0 = Debug|x64
		{BC90CC00-D0F9-4C17-9332-70268F86D22D}.Debug|x64.Deploy.0 = Debug|x64
		{BC90CC00-D0F9-4C17-9332-70268F86D22D}.Debug|x86.ActiveCfg = Debug|x86
		{BC90CC00-D0F9-4C17-9332-70268F86D22D}.Debug|x86.Build.0 = Debug|x86
		{BC90CC00-D0F9-4C17-9332-70268F86D22D}.Debug|x86.Deploy.0 = Debug|x86
		{BC90CC00-D0F9-4C17-9332-70268F86D22D}.Release|Any CPU.ActiveCfg = Release|x86
		{BC90CC00-D0F9-4C17-9332-70268F86D22D}.Release|ARM.ActiveCfg = Release|ARM
		{BC90CC00-D0F9-4C17-9332-70268F86D22D}.Release|ARM.Build.0 = Release|ARM
		{BC90CC00-D0F9-4C17-9332-70268F86D22D}.Release|ARM.Deploy.0 = Release|ARM
		{BC90CC00-D0F9-4C17-9332-70268F86D22D}.Release|iPhone.ActiveCfg = Release|x86
		{BC90CC00-D0F9-4C17-9332-70268F86D22D}.Release|iPhoneSimulator.ActiveCfg = Release|x86
		{BC90CC00-D0F9-4C17-9332-70268F86D22D}.Release|x64.ActiveCfg = Release|x64
		{BC90CC00-D0F9-4C17-9332-70268F86D22D}.Release|x64.Build.0 = Release|x64
		{BC90CC00-D0F9-4C17-9332-70268F86D22D}.Release|x64.Deploy.0 = Release|x64
		{BC90CC00-D0F9-4C17-9332-70268F86D22D}.Release|x86.ActiveCfg = Release|x86
		{BC90CC00-D0F9-4C17-9332-70268F86D22D}.Release|x86.Build.0 = Release|x86
		{BC90CC00-D0F9-4C17-9332-70268F86D22D}.Release|x86.Deploy.0 = Release|x86
		{8ECBACBC-EAE9-469B-AB9E-080DAE0288FA}.Debug|Any CPU.ActiveCfg = Debug|Any CPU
		{8ECBACBC-EAE9-469B-AB9E-080DAE0288FA}.Debug|Any CPU.Build.0 = Debug|Any CPU
		{8ECBACBC-EAE9-469B-AB9E-080DAE0288FA}.Debug|ARM.ActiveCfg = Debug|Any CPU
		{8ECBACBC-EAE9-469B-AB9E-080DAE0288FA}.Debug|ARM.Build.0 = Debug|Any CPU
		{8ECBACBC-EAE9-469B-AB9E-080DAE0288FA}.Debug|iPhone.ActiveCfg = Debug|Any CPU
		{8ECBACBC-EAE9-469B-AB9E-080DAE0288FA}.Debug|iPhone.Build.0 = Debug|Any CPU
		{8ECBACBC-EAE9-469B-AB9E-080DAE0288FA}.Debug|iPhoneSimulator.ActiveCfg = Debug|Any CPU
		{8ECBACBC-EAE9-469B-AB9E-080DAE0288FA}.Debug|iPhoneSimulator.Build.0 = Debug|Any CPU
		{8ECBACBC-EAE9-469B-AB9E-080DAE0288FA}.Debug|x64.ActiveCfg = Debug|Any CPU
		{8ECBACBC-EAE9-469B-AB9E-080DAE0288FA}.Debug|x64.Build.0 = Debug|Any CPU
		{8ECBACBC-EAE9-469B-AB9E-080DAE0288FA}.Debug|x86.ActiveCfg = Debug|Any CPU
		{8ECBACBC-EAE9-469B-AB9E-080DAE0288FA}.Debug|x86.Build.0 = Debug|Any CPU
		{8ECBACBC-EAE9-469B-AB9E-080DAE0288FA}.Release|Any CPU.ActiveCfg = Release|Any CPU
		{8ECBACBC-EAE9-469B-AB9E-080DAE0288FA}.Release|Any CPU.Build.0 = Release|Any CPU
		{8ECBACBC-EAE9-469B-AB9E-080DAE0288FA}.Release|ARM.ActiveCfg = Release|Any CPU
		{8ECBACBC-EAE9-469B-AB9E-080DAE0288FA}.Release|ARM.Build.0 = Release|Any CPU
		{8ECBACBC-EAE9-469B-AB9E-080DAE0288FA}.Release|iPhone.ActiveCfg = Release|Any CPU
		{8ECBACBC-EAE9-469B-AB9E-080DAE0288FA}.Release|iPhone.Build.0 = Release|Any CPU
		{8ECBACBC-EAE9-469B-AB9E-080DAE0288FA}.Release|iPhoneSimulator.ActiveCfg = Release|Any CPU
		{8ECBACBC-EAE9-469B-AB9E-080DAE0288FA}.Release|iPhoneSimulator.Build.0 = Release|Any CPU
		{8ECBACBC-EAE9-469B-AB9E-080DAE0288FA}.Release|x64.ActiveCfg = Release|Any CPU
		{8ECBACBC-EAE9-469B-AB9E-080DAE0288FA}.Release|x64.Build.0 = Release|Any CPU
		{8ECBACBC-EAE9-469B-AB9E-080DAE0288FA}.Release|x86.ActiveCfg = Release|Any CPU
		{8ECBACBC-EAE9-469B-AB9E-080DAE0288FA}.Release|x86.Build.0 = Release|Any CPU
	EndGlobalSection
	GlobalSection(SolutionProperties) = preSolution
		HideSolutionNode = FALSE
	EndGlobalSection
	GlobalSection(ExtensibilityGlobals) = postSolution
		SolutionGuid = {DF9EDB9A-5440-4630-9593-D4766871C2C8}
	EndGlobalSection
EndGlobal
